
Microsoft Visual Studio Solution File, Format Version 10.00
# Visual Studio 2008
Project("{2857B73E-F847-4B02-9238-064979017E93}") = "GoFPatterns", "GoFPatterns\GoFPatterns.cproj", "{15E2A07B-AAFD-4AE1-8095-462763818F43}"
EndProject
Global
	GlobalSection(SolutionConfigurationPlatforms) = preSolution
		Debug|Any CPU = Debug|Any CPU
		Release|Any CPU = Release|Any CPU
	EndGlobalSection
	GlobalSection(ProjectConfigurationPlatforms) = postSolution
		{15E2A07B-AAFD-4AE1-8095-462763818F43}.Debug|Any CPU.ActiveCfg = Debug|Any CPU
		{15E2A07B-AAFD-4AE1-8095-462763818F43}.Debug|Any CPU.Build.0 = Debug|Any CPU
		{15E2A07B-AAFD-4AE1-8095-462763818F43}.Release|Any CPU.ActiveCfg = Release|Any CPU
		{15E2A07B-AAFD-4AE1-8095-462763818F43}.Release|Any CPU.Build.0 = Release|Any CPU
	EndGlobalSection
	GlobalSection(MonoDevelopProperties) = preSolution
		StartupItem = GoFPatterns\GoFPatterns.cproj
	EndGlobalSection
EndGlobal
